{
  "name": "tiny_script",
  "version": "1.0.0",
  "lockfileVersion": 2,
  "requires": true,
  "packages": {
    "": {
      "name": "tiny_script",
      "version": "1.0.0",
      "license": "ISC",
      "dependencies": {
        "@types/howler": "^2.2.7",
        "howler": "^2.2.3",
        "tsc": "^2.0.4"
      },
      "bin": {
        "tiny_script": "bin/mylexer.js"
      },
      "devDependencies": {
        "webgl-strict-types": "^1.0.5"
      }
    },
    "node_modules/@types/howler": {
      "version": "2.2.7",
      "resolved": "https://registry.npmjs.org/@types/howler/-/howler-2.2.7.tgz",
      "integrity": "sha512-PEZldwZqJJw1PWRTpupyC7ajVTZA8aHd8nB/Y0n6zRZi5u8ktYDntsHj13ltEiBRqWwF06pASxBEvCTxniG8eA=="
    },
    "node_modules/howler": {
      "version": "2.2.3",
      "resolved": "https://registry.npmjs.org/howler/-/howler-2.2.3.tgz",
      "integrity": "sha512-QM0FFkw0LRX1PR8pNzJVAY25JhIWvbKMBFM4gqk+QdV+kPXOhleWGCB6AiAF/goGjIHK2e/nIElplvjQwhr0jg=="
    },
    "node_modules/tsc": {
      "version": "2.0.4",
      "resolved": "https://registry.npmjs.org/tsc/-/tsc-2.0.4.tgz",
      "integrity": "sha512-fzoSieZI5KKJVBYGvwbVZs/J5za84f2lSTLPYf6AGiIf43tZ3GNrI1QzTLcjtyDDP4aLxd46RTZq1nQxe7+k5Q==",
      "bin": {
        "tsc": "bin/tsc"
      }
    },
    "node_modules/webgl-strict-types": {
      "version": "1.0.5",
      "resolved": "https://registry.npmjs.org/webgl-strict-types/-/webgl-strict-types-1.0.5.tgz",
      "integrity": "sha512-i/DSt65qcmThkFvaZ/HmA1V5rZIPv4a6Wh0aK0NNo/axQwdA50w0jHI1HBXFQHKdVytJKidIWV5ouZwWogI4qw==",
      "dev": true
    }
  },
  "dependencies": {
    "@types/howler": {
      "version": "2.2.7",
      "resolved": "https://registry.npmjs.org/@types/howler/-/howler-2.2.7.tgz",
      "integrity": "sha512-PEZldwZqJJw1PWRTpupyC7ajVTZA8aHd8nB/Y0n6zRZi5u8ktYDntsHj13ltEiBRqWwF06pASxBEvCTxniG8eA=="
    },
    "howler": {
      "version": "2.2.3",
      "resolved": "https://registry.npmjs.org/howler/-/howler-2.2.3.tgz",
      "integrity": "sha512-QM0FFkw0LRX1PR8pNzJVAY25JhIWvbKMBFM4gqk+QdV+kPXOhleWGCB6AiAF/goGjIHK2e/nIElplvjQwhr0jg=="
    },
    "tsc": {
      "version": "2.0.4",
      "resolved": "https://registry.npmjs.org/tsc/-/tsc-2.0.4.tgz",
      "integrity": "sha512-fzoSieZI5KKJVBYGvwbVZs/J5za84f2lSTLPYf6AGiIf43tZ3GNrI1QzTLcjtyDDP4aLxd46RTZq1nQxe7+k5Q=="
    },
    "webgl-strict-types": {
      "version": "1.0.5",
      "resolved": "https://registry.npmjs.org/webgl-strict-types/-/webgl-strict-types-1.0.5.tgz",
      "integrity": "sha512-i/DSt65qcmThkFvaZ/HmA1V5rZIPv4a6Wh0aK0NNo/axQwdA50w0jHI1HBXFQHKdVytJKidIWV5ouZwWogI4qw==",
      "dev": true
    }
  }
}
