{
  "name": "flex",
  "version": "1.0.0",
  "lockfileVersion": 2,
  "requires": true,
  "packages": {
    "": {
      "name": "flex",
      "version": "1.0.0",
      "license": "ISC",
      "dependencies": {
        "jacob": "^1.0.5"
      }
    },
    "node_modules/jacob": {
      "version": "1.0.5",
      "resolved": "https://registry.npmjs.org/jacob/-/jacob-1.0.5.tgz",
      "integrity": "sha512-3EM4mLq1A3QcrSBCw3wPNwqxTia9STnye1a+/NkLBskWI8Aq/Oy5Oj4wnyHhVlXN19hyC4x21z4F10XNvsCfnQ==",
      "dependencies": {
        "junq": "^1.0.1",
        "minimist": "^1.1.0"
      },
      "bin": {
        "jacob": "cmd/cmd.js"
      }
    },
    "node_modules/junq": {
      "version": "1.0.2",
      "resolved": "https://registry.npmjs.org/junq/-/junq-1.0.2.tgz",
      "integrity": "sha512-emc3I0OMpyGhpdT0l08VvoeyShGudJW+1pZlB+STGtqtautxdXcK6Q2uNhsC7i75+IRUERvZXqikHwT5D0MkNg=="
    },
    "node_modules/minimist": {
      "version": "1.2.6",
      "resolved": "https://registry.npmjs.org/minimist/-/minimist-1.2.6.tgz",
      "integrity": "sha512-Jsjnk4bw3YJqYzbdyBiNsPWHPfO++UGG749Cxs6peCu5Xg4nrena6OVxOYxrQTqww0Jmwt+Ref8rggumkTLz9Q=="
    }
  },
  "dependencies": {
    "jacob": {
      "version": "1.0.5",
      "resolved": "https://registry.npmjs.org/jacob/-/jacob-1.0.5.tgz",
      "integrity": "sha512-3EM4mLq1A3QcrSBCw3wPNwqxTia9STnye1a+/NkLBskWI8Aq/Oy5Oj4wnyHhVlXN19hyC4x21z4F10XNvsCfnQ==",
      "requires": {
        "junq": "^1.0.1",
        "minimist": "^1.1.0"
      }
    },
    "junq": {
      "version": "1.0.2",
      "resolved": "https://registry.npmjs.org/junq/-/junq-1.0.2.tgz",
      "integrity": "sha512-emc3I0OMpyGhpdT0l08VvoeyShGudJW+1pZlB+STGtqtautxdXcK6Q2uNhsC7i75+IRUERvZXqikHwT5D0MkNg=="
    },
    "minimist": {
      "version": "1.2.6",
      "resolved": "https://registry.npmjs.org/minimist/-/minimist-1.2.6.tgz",
      "integrity": "sha512-Jsjnk4bw3YJqYzbdyBiNsPWHPfO++UGG749Cxs6peCu5Xg4nrena6OVxOYxrQTqww0Jmwt+Ref8rggumkTLz9Q=="
    }
  }
}
